{
  "name": "gun-relay-s3",
  "version": "1.0.0",
  "lockfileVersion": 2,
  "requires": true,
  "packages": {
    "": {
      "name": "gun-relay-s3",
      "version": "1.0.0",
      "license": "MIT",
      "dependencies": {
        "aws-sdk": "2.955.0",
        "bullet-catcher": "github:zrrrzzt/bullet-catcher",
        "dotenv": "^16.0.0",
        "gun": "^0.2020.1235"
      }
    },
    "node_modules/@peculiar/asn1-schema": {
      "version": "2.1.0",
      "resolved": "https://registry.npmjs.org/@peculiar/asn1-schema/-/asn1-schema-2.1.0.tgz",
      "integrity": "sha512-D6g4C5YRKC/iPujMAOXuZ7YGdaoMx8GsvWzfVSyx2LYeL38ECOKNywlYAuwbqQvON64lgsYdAujWQPX8hhoBLw==",
      "optional": true,
      "dependencies": {
        "@types/asn1js": "^2.0.2",
        "asn1js": "^2.3.1",
        "pvtsutils": "^1.2.1",
        "tslib": "^2.3.1"
      }
    },
    "node_modules/@peculiar/json-schema": {
      "version": "1.1.12",
      "resolved": "https://registry.npmjs.org/@peculiar/json-schema/-/json-schema-1.1.12.tgz",
      "integrity": "sha512-coUfuoMeIB7B8/NMekxaDzLhaYmp0HZNPEjYRm9goRou8UZIC3z21s0sL9AWoCw4EG876QyO3kYrc61WNF9B/w==",
      "optional": true,
      "dependencies": {
        "tslib": "^2.0.0"
      },
      "engines": {
        "node": ">=8.0.0"
      }
    },
    "node_modules/@peculiar/webcrypto": {
      "version": "1.3.3",
      "resolved": "https://registry.npmjs.org/@peculiar/webcrypto/-/webcrypto-1.3.3.tgz",
      "integrity": "sha512-+jkp16Hp18HkphJlMtqsQKjyDWJBh0AhDuoB+vVakuIRbkBdaFb7v26Ldm25altjiYhCyQnR5NChHxwSTvbXJw==",
      "optional": true,
      "dependencies": {
        "@peculiar/asn1-schema": "^2.1.0",
        "@peculiar/json-schema": "^1.1.12",
        "pvtsutils": "^1.2.2",
        "tslib": "^2.3.1",
        "webcrypto-core": "^1.7.2"
      },
      "engines": {
        "node": ">=10.12.0"
      }
    },
    "node_modules/@types/asn1js": {
      "version": "2.0.2",
      "resolved": "https://registry.npmjs.org/@types/asn1js/-/asn1js-2.0.2.tgz",
      "integrity": "sha512-t4YHCgtD+ERvH0FyxvNlYwJ2ezhqw7t+Ygh4urQ7dJER8i185JPv6oIM3ey5YQmGN6Zp9EMbpohkjZi9t3UxwA==",
      "optional": true
    },
    "node_modules/addressparser": {
      "version": "0.3.2",
      "resolved": "https://registry.npmjs.org/addressparser/-/addressparser-0.3.2.tgz",
      "integrity": "sha1-WYc/Nej89sc2HBAjkmHXbhU0i7I=",
      "optional": true
    },
    "node_modules/asn1js": {
      "version": "2.3.2",
      "resolved": "https://registry.npmjs.org/asn1js/-/asn1js-2.3.2.tgz",
      "integrity": "sha512-IYzujqcOk7fHaePpTyvD3KPAA0AjT3qZlaQAw76zmPPAV/XTjhO+tbHjbFbIQZIhw+fk9wCSfb0Z6K+JHe8Q2g==",
      "optional": true,
      "dependencies": {
        "pvutils": "latest"
      },
      "engines": {
        "node": ">=6.0.0"
      }
    },
    "node_modules/asn1js/node_modules/pvutils": {
      "version": "1.1.3",
      "resolved": "https://registry.npmjs.org/pvutils/-/pvutils-1.1.3.tgz",
      "integrity": "sha512-pMpnA0qRdFp32b1sJl1wOJNxZLQ2cbQx+k6tjNtZ8CpvVhNqEPRgivZ2WOUev2YMajecdH7ctUPDvEe87nariQ==",
      "optional": true,
      "engines": {
        "node": ">=6.0.0"
      }
    },
    "node_modules/aws-sdk": {
      "version": "2.955.0",
      "resolved": "https://registry.npmjs.org/aws-sdk/-/aws-sdk-2.955.0.tgz",
      "integrity": "sha512-/C3pYcZxlhrhHBzW2eHCtBiMqFQlBB7mpcR/lpKzCg1AqxOuC3zXbrjH4qIhauNWeOzwX75O0wlvnPob1HvV9w==",
      "hasInstallScript": true,
      "dependencies": {
        "buffer": "4.9.2",
        "events": "1.1.1",
        "ieee754": "1.1.13",
        "jmespath": "0.15.0",
        "querystring": "0.2.0",
        "sax": "1.2.1",
        "url": "0.10.3",
        "uuid": "3.3.2",
        "xml2js": "0.4.19"
      },
      "engines": {
        "node": ">= 0.8.0"
      }
    },
    "node_modules/base64-js": {
      "version": "1.5.1",
      "resolved": "https://registry.npmjs.org/base64-js/-/base64-js-1.5.1.tgz",
      "integrity": "sha512-AKpaYlHn8t4SVbOHCy+b5+KKgvR4vrsD8vbvrbiQJps7fKDTkjkDry6ji0rUJjC0kzbNePLwzxq8iypo41qeWA==",
      "funding": [
        {
          "type": "github",
          "url": "https://github.com/sponsors/feross"
        },
        {
          "type": "patreon",
          "url": "https://www.patreon.com/feross"
        },
        {
          "type": "consulting",
          "url": "https://feross.org/support"
        }
      ]
    },
    "node_modules/buffer": {
      "version": "4.9.2",
      "resolved": "https://registry.npmjs.org/buffer/-/buffer-4.9.2.tgz",
      "integrity": "sha512-xq+q3SRMOxGivLhBNaUdC64hDTQwejJ+H0T/NB1XMtTVEwNTrfFF3gAxiyW0Bu/xWEGhjVKgUcMhCrUy2+uCWg==",
      "dependencies": {
        "base64-js": "^1.0.2",
        "ieee754": "^1.1.4",
        "isarray": "^1.0.0"
      }
    },
    "node_modules/bullet-catcher": {
      "version": "3.0.5",
      "resolved": "git+ssh://git@github.com/zrrrzzt/bullet-catcher.git#2ccb0ca6517ddd688301fb80e9d9ae9dc3f0116b",
      "license": "MIT",
      "dependencies": {
        "is-fn": "3.0.0"
      },
      "engines": {
        "node": ">=12.16.3"
      },
      "peerDependencies": {
        "gun": "0.2020.1235"
      }
    },
    "node_modules/dotenv": {
      "version": "16.0.0",
      "resolved": "https://registry.npmjs.org/dotenv/-/dotenv-16.0.0.tgz",
      "integrity": "sha512-qD9WU0MPM4SWLPJy/r2Be+2WgQj8plChsyrCNQzW/0WjvcJQiKQJ9mH3ZgB3fxbUUxgc/11ZJ0Fi5KiimWGz2Q==",
      "engines": {
        "node": ">=12"
      }
    },
    "node_modules/emailjs": {
      "version": "2.2.0",
      "resolved": "https://registry.npmjs.org/emailjs/-/emailjs-2.2.0.tgz",
      "integrity": "sha1-ulsj5KSwpFEPZS6HOxVOlAe2ygM=",
      "optional": true,
      "dependencies": {
        "addressparser": "^0.3.2",
        "emailjs-mime-codec": "^2.0.7"
      }
    },
    "node_modules/emailjs-base64": {
      "version": "1.1.4",
      "resolved": "https://registry.npmjs.org/emailjs-base64/-/emailjs-base64-1.1.4.tgz",
      "integrity": "sha512-4h0xp1jgVTnIQBHxSJWXWanNnmuc5o+k4aHEpcLXSToN8asjB5qbXAexs7+PEsUKcEyBteNYsSvXUndYT2CGGA==",
      "optional": true
    },
    "node_modules/emailjs-mime-codec": {
      "version": "2.0.9",
      "resolved": "https://registry.npmjs.org/emailjs-mime-codec/-/emailjs-mime-codec-2.0.9.tgz",
      "integrity": "sha512-7qJo4pFGcKlWh/kCeNjmcgj34YoJWY0ekZXEHYtluWg4MVBnXqGM4CRMtZQkfYwitOhUgaKN5EQktJddi/YIDQ==",
      "optional": true,
      "dependencies": {
        "emailjs-base64": "^1.1.4",
        "ramda": "^0.26.1",
        "text-encoding": "^0.7.0"
      }
    },
    "node_modules/events": {
      "version": "1.1.1",
      "resolved": "https://registry.npmjs.org/events/-/events-1.1.1.tgz",
      "integrity": "sha1-nr23Y1rQmccNzEwqH1AEKI6L2SQ=",
      "engines": {
        "node": ">=0.4.x"
      }
    },
    "node_modules/gun": {
      "version": "0.2020.1235",
      "resolved": "https://registry.npmjs.org/gun/-/gun-0.2020.1235.tgz",
      "integrity": "sha512-aba6s0X/MCCOByt0T3VrMzMMUEblfN2aLV2bAmIQWjkB7SKnm07zAZWigljwI69Rb5sOw7C1G116UyvCM2p9kA==",
      "dependencies": {
        "ws": "^7.2.1"
      },
      "engines": {
        "node": ">=0.8.4"
      },
      "optionalDependencies": {
        "@peculiar/webcrypto": "^1.1.1",
        "emailjs": "^2.2.0"
      }
    },
    "node_modules/ieee754": {
      "version": "1.1.13",
      "resolved": "https://registry.npmjs.org/ieee754/-/ieee754-1.1.13.tgz",
      "integrity": "sha512-4vf7I2LYV/HaWerSo3XmlMkp5eZ83i+/CDluXi/IGTs/O1sejBNhTtnxzmRZfvOUqj7lZjqHkeTvpgSFDlWZTg=="
    },
    "node_modules/is-fn": {
      "version": "3.0.0",
      "resolved": "https://registry.npmjs.org/is-fn/-/is-fn-3.0.0.tgz",
      "integrity": "sha512-6VwZArytQi9pJzNyC1p4q4BtV2MB3pM8ae1vkeqr2LUSsv/44/0heNbLT7e0GUa1Tfz1oAoZD6eDXE89gqVc0w==",
      "engines": {
        "node": ">=12"
      },
      "funding": {
        "url": "https://github.com/sponsors/sindresorhus"
      }
    },
    "node_modules/isarray": {
      "version": "1.0.0",
      "resolved": "https://registry.npmjs.org/isarray/-/isarray-1.0.0.tgz",
      "integrity": "sha1-u5NdSFgsuhaMBoNJV6VKPgcSTxE="
    },
    "node_modules/jmespath": {
      "version": "0.15.0",
      "resolved": "https://registry.npmjs.org/jmespath/-/jmespath-0.15.0.tgz",
      "integrity": "sha1-o/Iiqarp+Wb10nx5ZRDigJF2Qhc=",
      "engines": {
        "node": ">= 0.6.0"
      }
    },
    "node_modules/punycode": {
      "version": "1.3.2",
      "resolved": "https://registry.npmjs.org/punycode/-/punycode-1.3.2.tgz",
      "integrity": "sha1-llOgNvt8HuQjQvIyXM7v6jkmxI0="
    },
    "node_modules/pvtsutils": {
      "version": "1.2.2",
      "resolved": "https://registry.npmjs.org/pvtsutils/-/pvtsutils-1.2.2.tgz",
      "integrity": "sha512-OALo5ZEdqiI127i64+CXwkCOyFHUA+tCQgaUO/MvRDFXWPr53f2sx28ECNztUEzuyu5xvuuD1EB/szg9mwJoGA==",
      "optional": true,
      "dependencies": {
        "tslib": "^2.3.1"
      }
    },
    "node_modules/querystring": {
      "version": "0.2.0",
      "resolved": "https://registry.npmjs.org/querystring/-/querystring-0.2.0.tgz",
      "integrity": "sha1-sgmEkgO7Jd+CDadW50cAWHhSFiA=",
      "deprecated": "The querystring API is considered Legacy. new code should use the URLSearchParams API instead.",
      "engines": {
        "node": ">=0.4.x"
      }
    },
    "node_modules/ramda": {
      "version": "0.26.1",
      "resolved": "https://registry.npmjs.org/ramda/-/ramda-0.26.1.tgz",
      "integrity": "sha512-hLWjpy7EnsDBb0p+Z3B7rPi3GDeRG5ZtiI33kJhTt+ORCd38AbAIjB/9zRIUoeTbE/AVX5ZkU7m6bznsvrf8eQ==",
      "optional": true
    },
    "node_modules/sax": {
      "version": "1.2.1",
      "resolved": "https://registry.npmjs.org/sax/-/sax-1.2.1.tgz",
      "integrity": "sha1-e45lYZCyKOgaZq6nSEgNgozS03o="
    },
    "node_modules/text-encoding": {
      "version": "0.7.0",
      "resolved": "https://registry.npmjs.org/text-encoding/-/text-encoding-0.7.0.tgz",
      "integrity": "sha512-oJQ3f1hrOnbRLOcwKz0Liq2IcrvDeZRHXhd9RgLrsT+DjWY/nty1Hi7v3dtkaEYbPYe0mUoOfzRrMwfXXwgPUA==",
      "deprecated": "no longer maintained",
      "optional": true
    },
    "node_modules/tslib": {
      "version": "2.3.1",
      "resolved": "https://registry.npmjs.org/tslib/-/tslib-2.3.1.tgz",
      "integrity": "sha512-77EbyPPpMz+FRFRuAFlWMtmgUWGe9UOG2Z25NqCwiIjRhOf5iKGuzSe5P2w1laq+FkRy4p+PCuVkJSGkzTEKVw==",
      "optional": true
    },
    "node_modules/url": {
      "version": "0.10.3",
      "resolved": "https://registry.npmjs.org/url/-/url-0.10.3.tgz",
      "integrity": "sha1-Ah5NnHcF8hu/N9A861h2dAJ3TGQ=",
      "dependencies": {
        "punycode": "1.3.2",
        "querystring": "0.2.0"
      }
    },
    "node_modules/uuid": {
      "version": "3.3.2",
      "resolved": "https://registry.npmjs.org/uuid/-/uuid-3.3.2.tgz",
      "integrity": "sha512-yXJmeNaw3DnnKAOKJE51sL/ZaYfWJRl1pK9dr19YFCu0ObS231AB1/LbqTKRAQ5kw8A90rA6fr4riOUpTZvQZA==",
      "deprecated": "Please upgrade  to version 7 or higher.  Older versions may use Math.random() in certain circumstances, which is known to be problematic.  See https://v8.dev/blog/math-random for details.",
      "bin": {
        "uuid": "bin/uuid"
      }
    },
    "node_modules/webcrypto-core": {
      "version": "1.7.3",
      "resolved": "https://registry.npmjs.org/webcrypto-core/-/webcrypto-core-1.7.3.tgz",
      "integrity": "sha512-8TnMtwwC/hQOyvElAOJ26lJKGgcErUG02KnKS1+QhjV4mDvQetVWU1EUEeLF8ICOrdc42+GypocyBJKRqo2kQg==",
      "optional": true,
      "dependencies": {
        "@peculiar/asn1-schema": "^2.1.0",
        "@peculiar/json-schema": "^1.1.12",
        "asn1js": "^2.3.2",
        "pvtsutils": "^1.2.2",
        "tslib": "^2.3.1"
      }
    },
    "node_modules/ws": {
      "version": "7.5.7",
      "resolved": "https://registry.npmjs.org/ws/-/ws-7.5.7.tgz",
      "integrity": "sha512-KMvVuFzpKBuiIXW3E4u3mySRO2/mCHSyZDJQM5NQ9Q9KHWHWh0NHgfbRMLLrceUK5qAL4ytALJbpRMjixFZh8A==",
      "engines": {
        "node": ">=8.3.0"
      },
      "peerDependencies": {
        "bufferutil": "^4.0.1",
        "utf-8-validate": "^5.0.2"
      },
      "peerDependenciesMeta": {
        "bufferutil": {
          "optional": true
        },
        "utf-8-validate": {
          "optional": true
        }
      }
    },
    "node_modules/xml2js": {
      "version": "0.4.19",
      "resolved": "https://registry.npmjs.org/xml2js/-/xml2js-0.4.19.tgz",
      "integrity": "sha512-esZnJZJOiJR9wWKMyuvSE1y6Dq5LCuJanqhxslH2bxM6duahNZ+HMpCLhBQGZkbX6xRf8x1Y2eJlgt2q3qo49Q==",
      "dependencies": {
        "sax": ">=0.6.0",
        "xmlbuilder": "~9.0.1"
      }
    },
    "node_modules/xmlbuilder": {
      "version": "9.0.7",
      "resolved": "https://registry.npmjs.org/xmlbuilder/-/xmlbuilder-9.0.7.tgz",
      "integrity": "sha1-Ey7mPS7FVlxVfiD0wi35rKaGsQ0=",
      "engines": {
        "node": ">=4.0"
      }
    }
  },
  "dependencies": {
    "@peculiar/asn1-schema": {
      "version": "2.1.0",
      "resolved": "https://registry.npmjs.org/@peculiar/asn1-schema/-/asn1-schema-2.1.0.tgz",
      "integrity": "sha512-D6g4C5YRKC/iPujMAOXuZ7YGdaoMx8GsvWzfVSyx2LYeL38ECOKNywlYAuwbqQvON64lgsYdAujWQPX8hhoBLw==",
      "optional": true,
      "requires": {
        "@types/asn1js": "^2.0.2",
        "asn1js": "^2.3.1",
        "pvtsutils": "^1.2.1",
        "tslib": "^2.3.1"
      }
    },
    "@peculiar/json-schema": {
      "version": "1.1.12",
      "resolved": "https://registry.npmjs.org/@peculiar/json-schema/-/json-schema-1.1.12.tgz",
      "integrity": "sha512-coUfuoMeIB7B8/NMekxaDzLhaYmp0HZNPEjYRm9goRou8UZIC3z21s0sL9AWoCw4EG876QyO3kYrc61WNF9B/w==",
      "optional": true,
      "requires": {
        "tslib": "^2.0.0"
      }
    },
    "@peculiar/webcrypto": {
      "version": "1.3.3",
      "resolved": "https://registry.npmjs.org/@peculiar/webcrypto/-/webcrypto-1.3.3.tgz",
      "integrity": "sha512-+jkp16Hp18HkphJlMtqsQKjyDWJBh0AhDuoB+vVakuIRbkBdaFb7v26Ldm25altjiYhCyQnR5NChHxwSTvbXJw==",
      "optional": true,
      "requires": {
        "@peculiar/asn1-schema": "^2.1.0",
        "@peculiar/json-schema": "^1.1.12",
        "pvtsutils": "^1.2.2",
        "tslib": "^2.3.1",
        "webcrypto-core": "^1.7.2"
      }
    },
    "@types/asn1js": {
      "version": "2.0.2",
      "resolved": "https://registry.npmjs.org/@types/asn1js/-/asn1js-2.0.2.tgz",
      "integrity": "sha512-t4YHCgtD+ERvH0FyxvNlYwJ2ezhqw7t+Ygh4urQ7dJER8i185JPv6oIM3ey5YQmGN6Zp9EMbpohkjZi9t3UxwA==",
      "optional": true
    },
    "addressparser": {
      "version": "0.3.2",
      "resolved": "https://registry.npmjs.org/addressparser/-/addressparser-0.3.2.tgz",
      "integrity": "sha1-WYc/Nej89sc2HBAjkmHXbhU0i7I=",
      "optional": true
    },
    "asn1js": {
      "version": "2.3.2",
      "resolved": "https://registry.npmjs.org/asn1js/-/asn1js-2.3.2.tgz",
      "integrity": "sha512-IYzujqcOk7fHaePpTyvD3KPAA0AjT3qZlaQAw76zmPPAV/XTjhO+tbHjbFbIQZIhw+fk9wCSfb0Z6K+JHe8Q2g==",
      "optional": true,
      "requires": {
        "pvutils": "latest"
      },
      "dependencies": {
        "pvutils": {
          "version": "1.1.3",
          "resolved": "https://registry.npmjs.org/pvutils/-/pvutils-1.1.3.tgz",
          "integrity": "sha512-pMpnA0qRdFp32b1sJl1wOJNxZLQ2cbQx+k6tjNtZ8CpvVhNqEPRgivZ2WOUev2YMajecdH7ctUPDvEe87nariQ==",
          "optional": true
        }
      }
    },
    "aws-sdk": {
      "version": "2.955.0",
      "resolved": "https://registry.npmjs.org/aws-sdk/-/aws-sdk-2.955.0.tgz",
      "integrity": "sha512-/C3pYcZxlhrhHBzW2eHCtBiMqFQlBB7mpcR/lpKzCg1AqxOuC3zXbrjH4qIhauNWeOzwX75O0wlvnPob1HvV9w==",
      "requires": {
        "buffer": "4.9.2",
        "events": "1.1.1",
        "ieee754": "1.1.13",
        "jmespath": "0.15.0",
        "querystring": "0.2.0",
        "sax": "1.2.1",
        "url": "0.10.3",
        "uuid": "3.3.2",
        "xml2js": "0.4.19"
      }
    },
    "base64-js": {
      "version": "1.5.1",
      "resolved": "https://registry.npmjs.org/base64-js/-/base64-js-1.5.1.tgz",
      "integrity": "sha512-AKpaYlHn8t4SVbOHCy+b5+KKgvR4vrsD8vbvrbiQJps7fKDTkjkDry6ji0rUJjC0kzbNePLwzxq8iypo41qeWA=="
    },
    "buffer": {
      "version": "4.9.2",
      "resolved": "https://registry.npmjs.org/buffer/-/buffer-4.9.2.tgz",
      "integrity": "sha512-xq+q3SRMOxGivLhBNaUdC64hDTQwejJ+H0T/NB1XMtTVEwNTrfFF3gAxiyW0Bu/xWEGhjVKgUcMhCrUy2+uCWg==",
      "requires": {
        "base64-js": "^1.0.2",
        "ieee754": "^1.1.4",
        "isarray": "^1.0.0"
      }
    },
    "bullet-catcher": {
      "version": "git+ssh://git@github.com/zrrrzzt/bullet-catcher.git#2ccb0ca6517ddd688301fb80e9d9ae9dc3f0116b",
      "from": "bullet-catcher@github:zrrrzzt/bullet-catcher",
      "requires": {
        "is-fn": "3.0.0"
      }
    },
    "dotenv": {
      "version": "16.0.0",
      "resolved": "https://registry.npmjs.org/dotenv/-/dotenv-16.0.0.tgz",
      "integrity": "sha512-qD9WU0MPM4SWLPJy/r2Be+2WgQj8plChsyrCNQzW/0WjvcJQiKQJ9mH3ZgB3fxbUUxgc/11ZJ0Fi5KiimWGz2Q=="
    },
    "emailjs": {
      "version": "2.2.0",
      "resolved": "https://registry.npmjs.org/emailjs/-/emailjs-2.2.0.tgz",
      "integrity": "sha1-ulsj5KSwpFEPZS6HOxVOlAe2ygM=",
      "optional": true,
      "requires": {
        "addressparser": "^0.3.2",
        "emailjs-mime-codec": "^2.0.7"
      }
    },
    "emailjs-base64": {
      "version": "1.1.4",
      "resolved": "https://registry.npmjs.org/emailjs-base64/-/emailjs-base64-1.1.4.tgz",
      "integrity": "sha512-4h0xp1jgVTnIQBHxSJWXWanNnmuc5o+k4aHEpcLXSToN8asjB5qbXAexs7+PEsUKcEyBteNYsSvXUndYT2CGGA==",
      "optional": true
    },
    "emailjs-mime-codec": {
      "version": "2.0.9",
      "resolved": "https://registry.npmjs.org/emailjs-mime-codec/-/emailjs-mime-codec-2.0.9.tgz",
      "integrity": "sha512-7qJo4pFGcKlWh/kCeNjmcgj34YoJWY0ekZXEHYtluWg4MVBnXqGM4CRMtZQkfYwitOhUgaKN5EQktJddi/YIDQ==",
      "optional": true,
      "requires": {
        "emailjs-base64": "^1.1.4",
        "ramda": "^0.26.1",
        "text-encoding": "^0.7.0"
      }
    },
    "events": {
      "version": "1.1.1",
      "resolved": "https://registry.npmjs.org/events/-/events-1.1.1.tgz",
      "integrity": "sha1-nr23Y1rQmccNzEwqH1AEKI6L2SQ="
    },
    "gun": {
      "version": "0.2020.1235",
      "resolved": "https://registry.npmjs.org/gun/-/gun-0.2020.1235.tgz",
      "integrity": "sha512-aba6s0X/MCCOByt0T3VrMzMMUEblfN2aLV2bAmIQWjkB7SKnm07zAZWigljwI69Rb5sOw7C1G116UyvCM2p9kA==",
      "requires": {
        "@peculiar/webcrypto": "^1.1.1",
        "emailjs": "^2.2.0",
        "ws": "^7.2.1"
      }
    },
    "ieee754": {
      "version": "1.1.13",
      "resolved": "https://registry.npmjs.org/ieee754/-/ieee754-1.1.13.tgz",
      "integrity": "sha512-4vf7I2LYV/HaWerSo3XmlMkp5eZ83i+/CDluXi/IGTs/O1sejBNhTtnxzmRZfvOUqj7lZjqHkeTvpgSFDlWZTg=="
    },
    "is-fn": {
      "version": "3.0.0",
      "resolved": "https://registry.npmjs.org/is-fn/-/is-fn-3.0.0.tgz",
      "integrity": "sha512-6VwZArytQi9pJzNyC1p4q4BtV2MB3pM8ae1vkeqr2LUSsv/44/0heNbLT7e0GUa1Tfz1oAoZD6eDXE89gqVc0w=="
    },
    "isarray": {
      "version": "1.0.0",
      "resolved": "https://registry.npmjs.org/isarray/-/isarray-1.0.0.tgz",
      "integrity": "sha1-u5NdSFgsuhaMBoNJV6VKPgcSTxE="
    },
    "jmespath": {
      "version": "0.15.0",
      "resolved": "https://registry.npmjs.org/jmespath/-/jmespath-0.15.0.tgz",
      "integrity": "sha1-o/Iiqarp+Wb10nx5ZRDigJF2Qhc="
    },
    "punycode": {
      "version": "1.3.2",
      "resolved": "https://registry.npmjs.org/punycode/-/punycode-1.3.2.tgz",
      "integrity": "sha1-llOgNvt8HuQjQvIyXM7v6jkmxI0="
    },
    "pvtsutils": {
      "version": "1.2.2",
      "resolved": "https://registry.npmjs.org/pvtsutils/-/pvtsutils-1.2.2.tgz",
      "integrity": "sha512-OALo5ZEdqiI127i64+CXwkCOyFHUA+tCQgaUO/MvRDFXWPr53f2sx28ECNztUEzuyu5xvuuD1EB/szg9mwJoGA==",
      "optional": true,
      "requires": {
        "tslib": "^2.3.1"
      }
    },
    "querystring": {
      "version": "0.2.0",
      "resolved": "https://registry.npmjs.org/querystring/-/querystring-0.2.0.tgz",
      "integrity": "sha1-sgmEkgO7Jd+CDadW50cAWHhSFiA="
    },
    "ramda": {
      "version": "0.26.1",
      "resolved": "https://registry.npmjs.org/ramda/-/ramda-0.26.1.tgz",
      "integrity": "sha512-hLWjpy7EnsDBb0p+Z3B7rPi3GDeRG5ZtiI33kJhTt+ORCd38AbAIjB/9zRIUoeTbE/AVX5ZkU7m6bznsvrf8eQ==",
      "optional": true
    },
    "sax": {
      "version": "1.2.1",
      "resolved": "https://registry.npmjs.org/sax/-/sax-1.2.1.tgz",
      "integrity": "sha1-e45lYZCyKOgaZq6nSEgNgozS03o="
    },
    "text-encoding": {
      "version": "0.7.0",
      "resolved": "https://registry.npmjs.org/text-encoding/-/text-encoding-0.7.0.tgz",
      "integrity": "sha512-oJQ3f1hrOnbRLOcwKz0Liq2IcrvDeZRHXhd9RgLrsT+DjWY/nty1Hi7v3dtkaEYbPYe0mUoOfzRrMwfXXwgPUA==",
      "optional": true
    },
    "tslib": {
      "version": "2.3.1",
      "resolved": "https://registry.npmjs.org/tslib/-/tslib-2.3.1.tgz",
      "integrity": "sha512-77EbyPPpMz+FRFRuAFlWMtmgUWGe9UOG2Z25NqCwiIjRhOf5iKGuzSe5P2w1laq+FkRy4p+PCuVkJSGkzTEKVw==",
      "optional": true
    },
    "url": {
      "version": "0.10.3",
      "resolved": "https://registry.npmjs.org/url/-/url-0.10.3.tgz",
      "integrity": "sha1-Ah5NnHcF8hu/N9A861h2dAJ3TGQ=",
      "requires": {
        "punycode": "1.3.2",
        "querystring": "0.2.0"
      }
    },
    "uuid": {
      "version": "3.3.2",
      "resolved": "https://registry.npmjs.org/uuid/-/uuid-3.3.2.tgz",
      "integrity": "sha512-yXJmeNaw3DnnKAOKJE51sL/ZaYfWJRl1pK9dr19YFCu0ObS231AB1/LbqTKRAQ5kw8A90rA6fr4riOUpTZvQZA=="
    },
    "webcrypto-core": {
      "version": "1.7.3",
      "resolved": "https://registry.npmjs.org/webcrypto-core/-/webcrypto-core-1.7.3.tgz",
      "integrity": "sha512-8TnMtwwC/hQOyvElAOJ26lJKGgcErUG02KnKS1+QhjV4mDvQetVWU1EUEeLF8ICOrdc42+GypocyBJKRqo2kQg==",
      "optional": true,
      "requires": {
        "@peculiar/asn1-schema": "^2.1.0",
        "@peculiar/json-schema": "^1.1.12",
        "asn1js": "^2.3.2",
        "pvtsutils": "^1.2.2",
        "tslib": "^2.3.1"
      }
    },
    "ws": {
      "version": "7.5.7",
      "resolved": "https://registry.npmjs.org/ws/-/ws-7.5.7.tgz",
      "integrity": "sha512-KMvVuFzpKBuiIXW3E4u3mySRO2/mCHSyZDJQM5NQ9Q9KHWHWh0NHgfbRMLLrceUK5qAL4ytALJbpRMjixFZh8A==",
      "requires": {}
    },
    "xml2js": {
      "version": "0.4.19",
      "resolved": "https://registry.npmjs.org/xml2js/-/xml2js-0.4.19.tgz",
      "integrity": "sha512-esZnJZJOiJR9wWKMyuvSE1y6Dq5LCuJanqhxslH2bxM6duahNZ+HMpCLhBQGZkbX6xRf8x1Y2eJlgt2q3qo49Q==",
      "requires": {
        "sax": ">=0.6.0",
        "xmlbuilder": "~9.0.1"
      }
    },
    "xmlbuilder": {
      "version": "9.0.7",
      "resolved": "https://registry.npmjs.org/xmlbuilder/-/xmlbuilder-9.0.7.tgz",
      "integrity": "sha1-Ey7mPS7FVlxVfiD0wi35rKaGsQ0="
    }
  }
}
